
Microsoft Visual Studio Solution File, Format Version 12.00
Project("{FAE04EC0-301F-11D3-BF4B-00C04F79EFBC}") = "HabitTracker", "HabitTracker\HabitTracker.csproj", "{A3735AD7-9307-4126-8156-DC81B53B80EB}"
EndProject
Project("{2150E333-8FDC-42A3-9474-1A3956D46DE8}") = "Solution Items", "Solution Items", "{DF2DC59F-CB76-4ECC-82B8-860BF8F83EA0}"
	ProjectSection(SolutionItems) = preProject
		compose.yaml = compose.yaml
		CLAUDE.md = CLAUDE.md
	EndProjectSection
EndProject
Project("{FAE04EC0-301F-11D3-BF4B-00C04F79EFBC}") = "HabitTracker.Authentication", "HabitTracker.Authentication\HabitTracker.Authentication.csproj", "{FBC38D0D-B44A-4521-8C87-7DA5DF4C759D}"
EndProject
Project("{2150E333-8FDC-42A3-9474-1A3956D46DE8}") = "Modules", "Modules", "{CA253913-39DE-BFD0-C9A3-4B7EC6FBDF17}"
EndProject
Project("{2150E333-8FDC-42A3-9474-1A3956D46DE8}") = "Users", "Users", "{6E738700-F19F-83EF-9B5F-3C8900D73B86}"
	ProjectSection(SolutionItems) = preProject
		Modules\Users\README.md = Modules\Users\README.md
	EndProjectSection
EndProject
Project("{FAE04EC0-301F-11D3-BF4B-00C04F79EFBC}") = "HabitTracker.Modules.Users.Contracts", "Modules\Users\HabitTracker.Modules.Users.Contracts\HabitTracker.Modules.Users.Contracts.csproj", "{F87893F9-D333-48BF-9BC2-3BD77EF6B0A2}"
EndProject
Project("{FAE04EC0-301F-11D3-BF4B-00C04F79EFBC}") = "HabitTracker.Modules.Users", "Modules\Users\HabitTracker.Modules.Users\HabitTracker.Modules.Users.csproj", "{23AE4626-F46A-4064-8B51-57AAAE36BC92}"
EndProject
Project("{FAE04EC0-301F-11D3-BF4B-00C04F79EFBC}") = "HabitTracker.SharedKernel", "HabitTracker.SharedKernel\HabitTracker.SharedKernel.csproj", "{27FDA75D-B2EA-444F-8D2E-308DB4733DE6}"
EndProject
Project("{2150E333-8FDC-42A3-9474-1A3956D46DE8}") = "Tasks", "Tasks", "{BF79447E-4B20-FE77-8600-0CC80B3109DA}"
	ProjectSection(SolutionItems) = preProject
		Modules\Tasks\README.md = Modules\Tasks\README.md
	EndProjectSection
EndProject
Project("{FAE04EC0-301F-11D3-BF4B-00C04F79EFBC}") = "HabitTracker.Modules.Tasks.Contracts", "Modules\Tasks\HabitTracker.Modules.Tasks.Contracts\HabitTracker.Modules.Tasks.Contracts.csproj", "{045049D5-3F00-40D9-B586-6246082D0AC9}"
EndProject
Project("{FAE04EC0-301F-11D3-BF4B-00C04F79EFBC}") = "HabitTracker.Modules.Tasks", "Modules\Tasks\HabitTracker.Modules.Tasks\HabitTracker.Modules.Tasks.csproj", "{E340F8AB-0DFA-4019-B325-174E8DFE769A}"
EndProject
Project("{FAE04EC0-301F-11D3-BF4B-00C04F79EFBC}") = "HabitTracker.IntegrationTests", "HabitTracker.IntegrationTests\HabitTracker.IntegrationTests.csproj", "{43ED8897-B0A9-4D6D-9798-D2BBA566C987}"
EndProject
Global
	GlobalSection(SolutionConfigurationPlatforms) = preSolution
		Debug|Any CPU = Debug|Any CPU
		Debug|x64 = Debug|x64
		Debug|x86 = Debug|x86
		Release|Any CPU = Release|Any CPU
		Release|x64 = Release|x64
		Release|x86 = Release|x86
	EndGlobalSection
	GlobalSection(ProjectConfigurationPlatforms) = postSolution
		{A3735AD7-9307-4126-8156-DC81B53B80EB}.Debug|Any CPU.ActiveCfg = Debug|Any CPU
		{A3735AD7-9307-4126-8156-DC81B53B80EB}.Debug|Any CPU.Build.0 = Debug|Any CPU
		{A3735AD7-9307-4126-8156-DC81B53B80EB}.Debug|x64.ActiveCfg = Debug|Any CPU
		{A3735AD7-9307-4126-8156-DC81B53B80EB}.Debug|x64.Build.0 = Debug|Any CPU
		{A3735AD7-9307-4126-8156-DC81B53B80EB}.Debug|x86.ActiveCfg = Debug|Any CPU
		{A3735AD7-9307-4126-8156-DC81B53B80EB}.Debug|x86.Build.0 = Debug|Any CPU
		{A3735AD7-9307-4126-8156-DC81B53B80EB}.Release|Any CPU.ActiveCfg = Release|Any CPU
		{A3735AD7-9307-4126-8156-DC81B53B80EB}.Release|Any CPU.Build.0 = Release|Any CPU
		{A3735AD7-9307-4126-8156-DC81B53B80EB}.Release|x64.ActiveCfg = Release|Any CPU
		{A3735AD7-9307-4126-8156-DC81B53B80EB}.Release|x64.Build.0 = Release|Any CPU
		{A3735AD7-9307-4126-8156-DC81B53B80EB}.Release|x86.ActiveCfg = Release|Any CPU
		{A3735AD7-9307-4126-8156-DC81B53B80EB}.Release|x86.Build.0 = Release|Any CPU
		{FBC38D0D-B44A-4521-8C87-7DA5DF4C759D}.Debug|Any CPU.ActiveCfg = Debug|Any CPU
		{FBC38D0D-B44A-4521-8C87-7DA5DF4C759D}.Debug|Any CPU.Build.0 = Debug|Any CPU
		{FBC38D0D-B44A-4521-8C87-7DA5DF4C759D}.Debug|x64.ActiveCfg = Debug|Any CPU
		{FBC38D0D-B44A-4521-8C87-7DA5DF4C759D}.Debug|x64.Build.0 = Debug|Any CPU
		{FBC38D0D-B44A-4521-8C87-7DA5DF4C759D}.Debug|x86.ActiveCfg = Debug|Any CPU
		{FBC38D0D-B44A-4521-8C87-7DA5DF4C759D}.Debug|x86.Build.0 = Debug|Any CPU
		{FBC38D0D-B44A-4521-8C87-7DA5DF4C759D}.Release|Any CPU.ActiveCfg = Release|Any CPU
		{FBC38D0D-B44A-4521-8C87-7DA5DF4C759D}.Release|Any CPU.Build.0 = Release|Any CPU
		{FBC38D0D-B44A-4521-8C87-7DA5DF4C759D}.Release|x64.ActiveCfg = Release|Any CPU
		{FBC38D0D-B44A-4521-8C87-7DA5DF4C759D}.Release|x64.Build.0 = Release|Any CPU
		{FBC38D0D-B44A-4521-8C87-7DA5DF4C759D}.Release|x86.ActiveCfg = Release|Any CPU
		{FBC38D0D-B44A-4521-8C87-7DA5DF4C759D}.Release|x86.Build.0 = Release|Any CPU
		{F87893F9-D333-48BF-9BC2-3BD77EF6B0A2}.Debug|Any CPU.ActiveCfg = Debug|Any CPU
		{F87893F9-D333-48BF-9BC2-3BD77EF6B0A2}.Debug|Any CPU.Build.0 = Debug|Any CPU
		{F87893F9-D333-48BF-9BC2-3BD77EF6B0A2}.Debug|x64.ActiveCfg = Debug|Any CPU
		{F87893F9-D333-48BF-9BC2-3BD77EF6B0A2}.Debug|x64.Build.0 = Debug|Any CPU
		{F87893F9-D333-48BF-9BC2-3BD77EF6B0A2}.Debug|x86.ActiveCfg = Debug|Any CPU
		{F87893F9-D333-48BF-9BC2-3BD77EF6B0A2}.Debug|x86.Build.0 = Debug|Any CPU
		{F87893F9-D333-48BF-9BC2-3BD77EF6B0A2}.Release|Any CPU.ActiveCfg = Release|Any CPU
		{F87893F9-D333-48BF-9BC2-3BD77EF6B0A2}.Release|Any CPU.Build.0 = Release|Any CPU
		{F87893F9-D333-48BF-9BC2-3BD77EF6B0A2}.Release|x64.ActiveCfg = Release|Any CPU
		{F87893F9-D333-48BF-9BC2-3BD77EF6B0A2}.Release|x64.Build.0 = Release|Any CPU
		{F87893F9-D333-48BF-9BC2-3BD77EF6B0A2}.Release|x86.ActiveCfg = Release|Any CPU
		{F87893F9-D333-48BF-9BC2-3BD77EF6B0A2}.Release|x86.Build.0 = Release|Any CPU
		{23AE4626-F46A-4064-8B51-57AAAE36BC92}.Debug|Any CPU.ActiveCfg = Debug|Any CPU
		{23AE4626-F46A-4064-8B51-57AAAE36BC92}.Debug|Any CPU.Build.0 = Debug|Any CPU
		{23AE4626-F46A-4064-8B51-57AAAE36BC92}.Debug|x64.ActiveCfg = Debug|Any CPU
		{23AE4626-F46A-4064-8B51-57AAAE36BC92}.Debug|x64.Build.0 = Debug|Any CPU
		{23AE4626-F46A-4064-8B51-57AAAE36BC92}.Debug|x86.ActiveCfg = Debug|Any CPU
		{23AE4626-F46A-4064-8B51-57AAAE36BC92}.Debug|x86.Build.0 = Debug|Any CPU
		{23AE4626-F46A-4064-8B51-57AAAE36BC92}.Release|Any CPU.ActiveCfg = Release|Any CPU
		{23AE4626-F46A-4064-8B51-57AAAE36BC92}.Release|Any CPU.Build.0 = Release|Any CPU
		{23AE4626-F46A-4064-8B51-57AAAE36BC92}.Release|x64.ActiveCfg = Release|Any CPU
		{23AE4626-F46A-4064-8B51-57AAAE36BC92}.Release|x64.Build.0 = Release|Any CPU
		{23AE4626-F46A-4064-8B51-57AAAE36BC92}.Release|x86.ActiveCfg = Release|Any CPU
		{23AE4626-F46A-4064-8B51-57AAAE36BC92}.Release|x86.Build.0 = Release|Any CPU
		{27FDA75D-B2EA-444F-8D2E-308DB4733DE6}.Debug|Any CPU.ActiveCfg = Debug|Any CPU
		{27FDA75D-B2EA-444F-8D2E-308DB4733DE6}.Debug|Any CPU.Build.0 = Debug|Any CPU
		{27FDA75D-B2EA-444F-8D2E-308DB4733DE6}.Debug|x64.ActiveCfg = Debug|Any CPU
		{27FDA75D-B2EA-444F-8D2E-308DB4733DE6}.Debug|x64.Build.0 = Debug|Any CPU
		{27FDA75D-B2EA-444F-8D2E-308DB4733DE6}.Debug|x86.ActiveCfg = Debug|Any CPU
		{27FDA75D-B2EA-444F-8D2E-308DB4733DE6}.Debug|x86.Build.0 = Debug|Any CPU
		{27FDA75D-B2EA-444F-8D2E-308DB4733DE6}.Release|Any CPU.ActiveCfg = Release|Any CPU
		{27FDA75D-B2EA-444F-8D2E-308DB4733DE6}.Release|Any CPU.Build.0 = Release|Any CPU
		{27FDA75D-B2EA-444F-8D2E-308DB4733DE6}.Release|x64.ActiveCfg = Release|Any CPU
		{27FDA75D-B2EA-444F-8D2E-308DB4733DE6}.Release|x64.Build.0 = Release|Any CPU
		{27FDA75D-B2EA-444F-8D2E-308DB4733DE6}.Release|x86.ActiveCfg = Release|Any CPU
		{27FDA75D-B2EA-444F-8D2E-308DB4733DE6}.Release|x86.Build.0 = Release|Any CPU
		{045049D5-3F00-40D9-B586-6246082D0AC9}.Debug|Any CPU.ActiveCfg = Debug|Any CPU
		{045049D5-3F00-40D9-B586-6246082D0AC9}.Debug|Any CPU.Build.0 = Debug|Any CPU
		{045049D5-3F00-40D9-B586-6246082D0AC9}.Debug|x64.ActiveCfg = Debug|Any CPU
		{045049D5-3F00-40D9-B586-6246082D0AC9}.Debug|x64.Build.0 = Debug|Any CPU
		{045049D5-3F00-40D9-B586-6246082D0AC9}.Debug|x86.ActiveCfg = Debug|Any CPU
		{045049D5-3F00-40D9-B586-6246082D0AC9}.Debug|x86.Build.0 = Debug|Any CPU
		{045049D5-3F00-40D9-B586-6246082D0AC9}.Release|Any CPU.ActiveCfg = Release|Any CPU
		{045049D5-3F00-40D9-B586-6246082D0AC9}.Release|Any CPU.Build.0 = Release|Any CPU
		{045049D5-3F00-40D9-B586-6246082D0AC9}.Release|x64.ActiveCfg = Release|Any CPU
		{045049D5-3F00-40D9-B586-6246082D0AC9}.Release|x64.Build.0 = Release|Any CPU
		{045049D5-3F00-40D9-B586-6246082D0AC9}.Release|x86.ActiveCfg = Release|Any CPU
		{045049D5-3F00-40D9-B586-6246082D0AC9}.Release|x86.Build.0 = Release|Any CPU
		{E340F8AB-0DFA-4019-B325-174E8DFE769A}.Debug|Any CPU.ActiveCfg = Debug|Any CPU
		{E340F8AB-0DFA-4019-B325-174E8DFE769A}.Debug|Any CPU.Build.0 = Debug|Any CPU
		{E340F8AB-0DFA-4019-B325-174E8DFE769A}.Debug|x64.ActiveCfg = Debug|Any CPU
		{E340F8AB-0DFA-4019-B325-174E8DFE769A}.Debug|x64.Build.0 = Debug|Any CPU
		{E340F8AB-0DFA-4019-B325-174E8DFE769A}.Debug|x86.ActiveCfg = Debug|Any CPU
		{E340F8AB-0DFA-4019-B325-174E8DFE769A}.Debug|x86.Build.0 = Debug|Any CPU
		{E340F8AB-0DFA-4019-B325-174E8DFE769A}.Release|Any CPU.ActiveCfg = Release|Any CPU
		{E340F8AB-0DFA-4019-B325-174E8DFE769A}.Release|Any CPU.Build.0 = Release|Any CPU
		{E340F8AB-0DFA-4019-B325-174E8DFE769A}.Release|x64.ActiveCfg = Release|Any CPU
		{E340F8AB-0DFA-4019-B325-174E8DFE769A}.Release|x64.Build.0 = Release|Any CPU
		{E340F8AB-0DFA-4019-B325-174E8DFE769A}.Release|x86.ActiveCfg = Release|Any CPU
		{E340F8AB-0DFA-4019-B325-174E8DFE769A}.Release|x86.Build.0 = Release|Any CPU
		{43ED8897-B0A9-4D6D-9798-D2BBA566C987}.Debug|Any CPU.ActiveCfg = Debug|Any CPU
		{43ED8897-B0A9-4D6D-9798-D2BBA566C987}.Debug|Any CPU.Build.0 = Debug|Any CPU
		{43ED8897-B0A9-4D6D-9798-D2BBA566C987}.Debug|x64.ActiveCfg = Debug|Any CPU
		{43ED8897-B0A9-4D6D-9798-D2BBA566C987}.Debug|x64.Build.0 = Debug|Any CPU
		{43ED8897-B0A9-4D6D-9798-D2BBA566C987}.Debug|x86.ActiveCfg = Debug|Any CPU
		{43ED8897-B0A9-4D6D-9798-D2BBA566C987}.Debug|x86.Build.0 = Debug|Any CPU
		{43ED8897-B0A9-4D6D-9798-D2BBA566C987}.Release|Any CPU.ActiveCfg = Release|Any CPU
		{43ED8897-B0A9-4D6D-9798-D2BBA566C987}.Release|Any CPU.Build.0 = Release|Any CPU
		{43ED8897-B0A9-4D6D-9798-D2BBA566C987}.Release|x64.ActiveCfg = Release|Any CPU
		{43ED8897-B0A9-4D6D-9798-D2BBA566C987}.Release|x64.Build.0 = Release|Any CPU
		{43ED8897-B0A9-4D6D-9798-D2BBA566C987}.Release|x86.ActiveCfg = Release|Any CPU
		{43ED8897-B0A9-4D6D-9798-D2BBA566C987}.Release|x86.Build.0 = Release|Any CPU
	EndGlobalSection
	GlobalSection(SolutionProperties) = preSolution
		HideSolutionNode = FALSE
	EndGlobalSection
	GlobalSection(NestedProjects) = preSolution
		{6E738700-F19F-83EF-9B5F-3C8900D73B86} = {CA253913-39DE-BFD0-C9A3-4B7EC6FBDF17}
		{F87893F9-D333-48BF-9BC2-3BD77EF6B0A2} = {6E738700-F19F-83EF-9B5F-3C8900D73B86}
		{23AE4626-F46A-4064-8B51-57AAAE36BC92} = {6E738700-F19F-83EF-9B5F-3C8900D73B86}
		{BF79447E-4B20-FE77-8600-0CC80B3109DA} = {CA253913-39DE-BFD0-C9A3-4B7EC6FBDF17}
		{045049D5-3F00-40D9-B586-6246082D0AC9} = {BF79447E-4B20-FE77-8600-0CC80B3109DA}
		{E340F8AB-0DFA-4019-B325-174E8DFE769A} = {BF79447E-4B20-FE77-8600-0CC80B3109DA}
	EndGlobalSection
EndGlobal
